{
    "_readme": [
        "This file locks the dependencies of your project to a known state",
        "Read more about it at https://getcomposer.org/doc/01-basic-usage.md#installing-dependencies",
        "This file is @generated automatically"
    ],
    "content-hash": "5ef8cb1bd2824e2e3b708caddf1f010c",
    "packages": [
        {
            "name": "amphp/injector",
            "version": "dev-master",
            "source": {
                "type": "git",
                "url": "https://github.com/amphp/injector.git",
                "reference": "edf59c760eb0e8194814507e6ba207af109b8008"
            },
            "dist": {
                "type": "zip",
                "url": "https://api.github.com/repos/amphp/injector/zipball/edf59c760eb0e8194814507e6ba207af109b8008",
                "reference": "edf59c760eb0e8194814507e6ba207af109b8008",
                "shasum": ""
            },
            "require": {
                "kelunik/fiber-local": "^1-dev",
                "php": ">=8.0",
                "psr/container": "^1.1 | ^2"
            },
            "require-dev": {
                "amphp/php-cs-fixer-config": "dev-master",
                "monolog/monolog": "^2.2",
                "ocramius/proxy-manager": "^2.11.1",
                "phpbench/phpbench": "^1.0",
                "phpunit/phpunit": "^9.5.2"
            },
            "default-branch": true,
            "type": "library",
            "extra": {
                "branch-alias": {
                    "dev-master": "1.x-dev"
                }
            },
            "autoload": {
                "files": [
                    "src/functions.php",
                    "src/Internal/functions.php"
                ],
                "psr-4": {
                    "Amp\\Injector\\": "src"
                }
            },
            "notification-url": "https://packagist.org/downloads/",
            "license": [
                "MIT"
            ],
            "authors": [
                {
                    "name": "Daniel Lowrey",
                    "email": "rdlowrey@gmail.com",
                    "homepage": "https://github.com/rdlowrey"
                },
                {
                    "name": "Levi Morrison",
                    "email": "levim@php.net",
                    "homepage": "http://morrisonlevi.github.com/"
                },
                {
                    "name": "Dan Ackroyd",
                    "email": "Danack@basereality.com",
                    "homepage": "http://www.basereality.com"
                },
                {
                    "name": "Niklas Keller",
                    "email": "me@kelunik.com"
                }
            ],
            "description": "A dependency injector for bootstrapping object-oriented PHP applications.",
            "homepage": "https://github.com/amphp/injector",
            "keywords": [
                "dependency injection",
                "dic",
                "ioc"
            ],
            "support": {
                "issues": "https://github.com/amphp/injector/issues",
                "source": "https://github.com/amphp/injector/tree/master"
            },
            "funding": [
                {
                    "url": "https://github.com/amphp",
                    "type": "github"
                }
            ],
            "time": "2022-02-13T19:21:41+00:00"
        },
        {
            "name": "kelunik/fiber-local",
            "version": "dev-main",
            "source": {
                "type": "git",
                "url": "https://github.com/kelunik/fiber-local.git",
                "reference": "403e5b9375ace500b902bff541b6084f0f4bd312"
            },
            "dist": {
                "type": "zip",
                "url": "https://api.github.com/repos/kelunik/fiber-local/zipball/403e5b9375ace500b902bff541b6084f0f4bd312",
                "reference": "403e5b9375ace500b902bff541b6084f0f4bd312",
                "shasum": ""
            },
            "require": {
                "php": ">=8.0"
            },
            "default-branch": true,
            "type": "library",
            "extra": {
                "branch-alias": {
                    "dev-main": "1.x-dev"
                }
            },
            "autoload": {
                "psr-4": {
                    "Kelunik\\FiberLocal\\": "src"
                }
            },
            "notification-url": "https://packagist.org/downloads/",
            "license": [
                "MIT"
            ],
            "authors": [
                {
                    "name": "Niklas Keller",
                    "email": "me@kelunik.com"
                }
            ],
            "description": "Fiber local data storage.",
            "support": {
                "issues": "https://github.com/kelunik/fiber-local/issues",
                "source": "https://github.com/kelunik/fiber-local/tree/main"
            },
            "time": "2021-05-17T17:45:52+00:00"
        },
        {
            "name": "psr/container",
            "version": "2.0.2",
            "source": {
                "type": "git",
                "url": "https://github.com/php-fig/container.git",
                "reference": "c71ecc56dfe541dbd90c5360474fbc405f8d5963"
            },
            "dist": {
                "type": "zip",
                "url": "https://api.github.com/repos/php-fig/container/zipball/c71ecc56dfe541dbd90c5360474fbc405f8d5963",
                "reference": "c71ecc56dfe541dbd90c5360474fbc405f8d5963",
                "shasum": ""
            },
            "require": {
                "php": ">=7.4.0"
            },
            "type": "library",
            "extra": {
                "branch-alias": {
                    "dev-master": "2.0.x-dev"
                }
            },
            "autoload": {
                "psr-4": {
                    "Psr\\Container\\": "src/"
                }
            },
            "notification-url": "https://packagist.org/downloads/",
            "license": [
                "MIT"
            ],
            "authors": [
                {
                    "name": "PHP-FIG",
                    "homepage": "https://www.php-fig.org/"
                }
            ],
            "description": "Common Container Interface (PHP FIG PSR-11)",
            "homepage": "https://github.com/php-fig/container",
            "keywords": [
                "PSR-11",
                "container",
                "container-interface",
                "container-interop",
                "psr"
            ],
            "support": {
                "issues": "https://github.com/php-fig/container/issues",
                "source": "https://github.com/php-fig/container/tree/2.0.2"
            },
            "time": "2021-11-05T16:47:00+00:00"
        }
    ],
    "packages-dev": [],
    "aliases": [],
    "minimum-stability": "stable",
    "stability-flags": {
        "kelunik/fiber-local": 20,
        "amphp/injector": 20
    },
    "prefer-stable": false,
    "prefer-lowest": false,
    "platform": [],
    "platform-dev": [],
    "plugin-api-version": "2.2.0"
}
